
Microsoft Visual Studio Solution File, Format Version 12.00
# Visual Studio 15
VisualStudioVersion = 15.0.26430.12
MinimumVisualStudioVersion = 10.0.40219.1
Project("{FAE04EC0-301F-11D3-BF4B-00C04F79EFBC}") = "Spider.IdentityServer", "Spider.IdentityServer\Spider.IdentityServer.csproj", "{FE74C68C-DBC0-4B83-ABFA-863DC399F81A}"
EndProject
Project("{E53339B2-1760-4266-BCC7-CA923CBCF16C}") = "docker-compose", "docker-compose.dcproj", "{D4F10DC8-F245-43FA-8EC4-4B854D94E532}"
EndProject
Global
	GlobalSection(SolutionConfigurationPlatforms) = preSolution
		Debug|Any CPU = Debug|Any CPU
		Release|Any CPU = Release|Any CPU
	EndGlobalSection
	GlobalSection(ProjectConfigurationPlatforms) = postSolution
		{FE74C68C-DBC0-4B83-ABFA-863DC399F81A}.Debug|Any CPU.ActiveCfg = Debug|Any CPU
		{FE74C68C-DBC0-4B83-ABFA-863DC399F81A}.Debug|Any CPU.Build.0 = Debug|Any CPU
		{FE74C68C-DBC0-4B83-ABFA-863DC399F81A}.Release|Any CPU.ActiveCfg = Release|Any CPU
		{FE74C68C-DBC0-4B83-ABFA-863DC399F81A}.Release|Any CPU.Build.0 = Release|Any CPU
		{D4F10DC8-F245-43FA-8EC4-4B854D94E532}.Debug|Any CPU.ActiveCfg = Debug|Any CPU
		{D4F10DC8-F245-43FA-8EC4-4B854D94E532}.Debug|Any CPU.Build.0 = Debug|Any CPU
		{D4F10DC8-F245-43FA-8EC4-4B854D94E532}.Release|Any CPU.ActiveCfg = Release|Any CPU
		{D4F10DC8-F245-43FA-8EC4-4B854D94E532}.Release|Any CPU.Build.0 = Release|Any CPU
	EndGlobalSection
	GlobalSection(SolutionProperties) = preSolution
		HideSolutionNode = FALSE
	EndGlobalSection
EndGlobal
